
Microsoft Visual Studio Solution File, Format Version 12.00
# Visual Studio Version 17
VisualStudioVersion = 17.14.37516.0 d17.14
MinimumVisualStudioVersion = 10.0.40219.1
Project("{FAE04EC0-301F-11D3-BF4B-00C04F79EFBC}") = "HomeHub", "HomeHub.csproj", "{ACB7AC35-493D-4DBD-A6F9-4523F99AC60C}"
EndProject
Global
	GlobalSection(SolutionConfigurationPlatforms) = preSolution
		Debug|Any CPU = Debug|Any CPU
		Release|Any CPU = Release|Any CPU
	EndGlobalSection
	GlobalSection(ProjectConfigurationPlatforms) = postSolution
		{ACB7AC35-493D-4DBD-A6F9-4523F99AC60C}.Debug|Any CPU.ActiveCfg = Debug|Any CPU
		{ACB7AC35-493D-4DBD-A6F9-4523F99AC60C}.Debug|Any CPU.Build.0 = Debug|Any CPU
		{ACB7AC35-493D-4DBD-A6F9-4523F99AC60C}.Release|Any CPU.ActiveCfg = Release|Any CPU
		{ACB7AC35-493D-4DBD-A6F9-4523F99AC60C}.Release|Any CPU.Build.0 = Release|Any CPU
	EndGlobalSection
	GlobalSection(SolutionProperties) = preSolution
		HideSolutionNode = FALSE
	EndGlobalSection
	GlobalSection(ExtensibilityGlobals) = postSolution
		SolutionGuid = {F2D46C6E-4327-43D2-8ADA-C0C889A3A68E}
	EndGlobalSection
EndGlobal
